
Microsoft Visual Studio Solution File, Format Version 12.00
# Visual Studio Version 16
VisualStudioVersion = 16.0.30406.217
MinimumVisualStudioVersion = 10.0.40219.1
Project("{FAE04EC0-301F-11D3-BF4B-00C04F79EFBC}") = "DailySchedule", "DailySchedule\DailySchedule.csproj", "{277B12A9-E42E-4E6E-879C-04E2DAE80936}"
EndProject
Global
	GlobalSection(SolutionConfigurationPlatforms) = preSolution
		Debug|Any CPU = Debug|Any CPU
		Release|Any CPU = Release|Any CPU
	EndGlobalSection
	GlobalSection(ProjectConfigurationPlatforms) = postSolution
		{277B12A9-E42E-4E6E-879C-04E2DAE80936}.Debug|Any CPU.ActiveCfg = Debug|Any CPU
		{277B12A9-E42E-4E6E-879C-04E2DAE80936}.Debug|Any CPU.Build.0 = Debug|Any CPU
		{277B12A9-E42E-4E6E-879C-04E2DAE80936}.Release|Any CPU.ActiveCfg = Release|Any CPU
		{277B12A9-E42E-4E6E-879C-04E2DAE80936}.Release|Any CPU.Build.0 = Release|Any CPU
	EndGlobalSection
	GlobalSection(SolutionProperties) = preSolution
		HideSolutionNode = FALSE
	EndGlobalSection
	GlobalSection(ExtensibilityGlobals) = postSolution
		SolutionGuid = {7B58F86C-685C-466A-AE15-6585823DF34D}
	EndGlobalSection
EndGlobal
